
Microsoft Visual Studio Solution File, Format Version 12.00
# Visual Studio 2012
Project("{FAE04EC0-301F-11D3-BF4B-00C04F79EFBC}") = "appProyectoLaura", "appProyectoLaura\appProyectoLaura.csproj", "{EEE648A0-818C-440B-81CE-DDDD3C75F280}"
EndProject
Global
	GlobalSection(SolutionConfigurationPlatforms) = preSolution
		Debug|Any CPU = Debug|Any CPU
		Release|Any CPU = Release|Any CPU
	EndGlobalSection
	GlobalSection(ProjectConfigurationPlatforms) = postSolution
		{EEE648A0-818C-440B-81CE-DDDD3C75F280}.Debug|Any CPU.ActiveCfg = Debug|Any CPU
		{EEE648A0-818C-440B-81CE-DDDD3C75F280}.Debug|Any CPU.Build.0 = Debug|Any CPU
		{EEE648A0-818C-440B-81CE-DDDD3C75F280}.Release|Any CPU.ActiveCfg = Release|Any CPU
		{EEE648A0-818C-440B-81CE-DDDD3C75F280}.Release|Any CPU.Build.0 = Release|Any CPU
	EndGlobalSection
	GlobalSection(SolutionProperties) = preSolution
		HideSolutionNode = FALSE
	EndGlobalSection
EndGlobal
